
Microsoft Visual Studio Solution File, Format Version 12.00
# Visual Studio 15
VisualStudioVersion = 15.0.27703.2026
MinimumVisualStudioVersion = 10.0.40219.1
Project("{FAE04EC0-301F-11D3-BF4B-00C04F79EFBC}") = "TalesConverter", "TalesConverter\TalesConverter.csproj", "{29F44A5B-0310-4C19-AED7-DB1E042F3549}"
	ProjectSection(ProjectDependencies) = postProject
		{80252136-08D6-45B4-BBC6-BDDC33B18C84} = {80252136-08D6-45B4-BBC6-BDDC33B18C84}
	EndProjectSection
EndProject
Project("{FAE04EC0-301F-11D3-BF4B-00C04F79EFBC}") = "TalesSharpLib", "TalesSharpLib\TalesSharpLib.csproj", "{3AEA912A-1FDD-498A-AE7C-5DD38304974E}"
EndProject
Project("{8BC9CEB8-8B4A-11D0-8D11-00A0C91BC942}") = "LiteConverter", "LiteConverter\LiteConverter.vcxproj", "{80252136-08D6-45B4-BBC6-BDDC33B18C84}"
EndProject
Global
	GlobalSection(SolutionConfigurationPlatforms) = preSolution
		Debug|Any CPU = Debug|Any CPU
		Debug|x64 = Debug|x64
		Debug|x86 = Debug|x86
		Release|Any CPU = Release|Any CPU
		Release|x64 = Release|x64
		Release|x86 = Release|x86
	EndGlobalSection
	GlobalSection(ProjectConfigurationPlatforms) = postSolution
		{29F44A5B-0310-4C19-AED7-DB1E042F3549}.Debug|Any CPU.ActiveCfg = Debug|Any CPU
		{29F44A5B-0310-4C19-AED7-DB1E042F3549}.Debug|Any CPU.Build.0 = Debug|Any CPU
		{29F44A5B-0310-4C19-AED7-DB1E042F3549}.Debug|x64.ActiveCfg = Debug|Any CPU
		{29F44A5B-0310-4C19-AED7-DB1E042F3549}.Debug|x64.Build.0 = Debug|Any CPU
		{29F44A5B-0310-4C19-AED7-DB1E042F3549}.Debug|x86.ActiveCfg = Debug|Any CPU
		{29F44A5B-0310-4C19-AED7-DB1E042F3549}.Debug|x86.Build.0 = Debug|Any CPU
		{29F44A5B-0310-4C19-AED7-DB1E042F3549}.Release|Any CPU.ActiveCfg = Release|Any CPU
		{29F44A5B-0310-4C19-AED7-DB1E042F3549}.Release|Any CPU.Build.0 = Release|Any CPU
		{29F44A5B-0310-4C19-AED7-DB1E042F3549}.Release|x64.ActiveCfg = Release|Any CPU
		{29F44A5B-0310-4C19-AED7-DB1E042F3549}.Release|x64.Build.0 = Release|Any CPU
		{29F44A5B-0310-4C19-AED7-DB1E042F3549}.Release|x86.ActiveCfg = Release|Any CPU
		{29F44A5B-0310-4C19-AED7-DB1E042F3549}.Release|x86.Build.0 = Release|Any CPU
		{3AEA912A-1FDD-498A-AE7C-5DD38304974E}.Debug|Any CPU.ActiveCfg = Debug|Any CPU
		{3AEA912A-1FDD-498A-AE7C-5DD38304974E}.Debug|Any CPU.Build.0 = Debug|Any CPU
		{3AEA912A-1FDD-498A-AE7C-5DD38304974E}.Debug|x64.ActiveCfg = Debug|Any CPU
		{3AEA912A-1FDD-498A-AE7C-5DD38304974E}.Debug|x64.Build.0 = Debug|Any CPU
		{3AEA912A-1FDD-498A-AE7C-5DD38304974E}.Debug|x86.ActiveCfg = Debug|Any CPU
		{3AEA912A-1FDD-498A-AE7C-5DD38304974E}.Debug|x86.Build.0 = Debug|Any CPU
		{3AEA912A-1FDD-498A-AE7C-5DD38304974E}.Release|Any CPU.ActiveCfg = Release|Any CPU
		{3AEA912A-1FDD-498A-AE7C-5DD38304974E}.Release|Any CPU.Build.0 = Release|Any CPU
		{3AEA912A-1FDD-498A-AE7C-5DD38304974E}.Release|x64.ActiveCfg = Release|Any CPU
		{3AEA912A-1FDD-498A-AE7C-5DD38304974E}.Release|x64.Build.0 = Release|Any CPU
		{3AEA912A-1FDD-498A-AE7C-5DD38304974E}.Release|x86.ActiveCfg = Release|Any CPU
		{3AEA912A-1FDD-498A-AE7C-5DD38304974E}.Release|x86.Build.0 = Release|Any CPU
		{80252136-08D6-45B4-BBC6-BDDC33B18C84}.Debug|Any CPU.ActiveCfg = Debug|Win32
		{80252136-08D6-45B4-BBC6-BDDC33B18C84}.Debug|x64.ActiveCfg = Debug|x64
		{80252136-08D6-45B4-BBC6-BDDC33B18C84}.Debug|x64.Build.0 = Debug|x64
		{80252136-08D6-45B4-BBC6-BDDC33B18C84}.Debug|x86.ActiveCfg = Debug|Win32
		{80252136-08D6-45B4-BBC6-BDDC33B18C84}.Debug|x86.Build.0 = Debug|Win32
		{80252136-08D6-45B4-BBC6-BDDC33B18C84}.Release|Any CPU.ActiveCfg = Release|Win32
		{80252136-08D6-45B4-BBC6-BDDC33B18C84}.Release|x64.ActiveCfg = Release|x64
		{80252136-08D6-45B4-BBC6-BDDC33B18C84}.Release|x64.Build.0 = Release|x64
		{80252136-08D6-45B4-BBC6-BDDC33B18C84}.Release|x86.ActiveCfg = Release|Win32
		{80252136-08D6-45B4-BBC6-BDDC33B18C84}.Release|x86.Build.0 = Release|Win32
	EndGlobalSection
	GlobalSection(SolutionProperties) = preSolution
		HideSolutionNode = FALSE
	EndGlobalSection
	GlobalSection(ExtensibilityGlobals) = postSolution
		SolutionGuid = {624874CB-E191-4092-AF2B-9972A37FC685}
	EndGlobalSection
EndGlobal
